
Microsoft Visual Studio Solution File, Format Version 12.00
# Visual Studio Version 17
VisualStudioVersion = 17.4.33213.308
MinimumVisualStudioVersion = 10.0.40219.1
Project("{2150E333-8FDC-42A3-9474-1A3956D46DE8}") = "src", "src", "{4DBD3A75-E46F-43F2-91BE-0BE38A602A2C}"
EndProject
Project("{2150E333-8FDC-42A3-9474-1A3956D46DE8}") = "test", "test", "{84D34CDA-5BCD-476B-ABD2-E7D82F95E179}"
EndProject
Project("{2150E333-8FDC-42A3-9474-1A3956D46DE8}") = "Libraries", "Libraries", "{161AAA01-664F-42BF-9AD3-1F159465B00A}"
EndProject
Project("{2150E333-8FDC-42A3-9474-1A3956D46DE8}") = "Presentation", "Presentation", "{3B0CC3D3-DA17-41DC-AC2C-FE4347693571}"
EndProject
Project("{2150E333-8FDC-42A3-9474-1A3956D46DE8}") = "References", "References", "{0C141FA4-F556-4587-9027-C78114A1EEA8}"
EndProject
Project("{9A19103F-16F7-4668-BE54-9A1E7A4F7556}") = "Hymson.Infrastructure", "..\..\10100HymsonSharedSDK\HymsonSharedSDK\src\Hymson.Infrastructure\Hymson.Infrastructure.csproj", "{6BF57EE3-E0CC-4322-9EEC-44BBFDA075F2}"
EndProject
Project("{9A19103F-16F7-4668-BE54-9A1E7A4F7556}") = "Hymson.NLog.Web", "..\..\10100HymsonSharedSDK\HymsonSharedSDK\src\Hymson.NLog.Web\Hymson.NLog.Web.csproj", "{C7A599E5-67A5-4911-806C-8F0F978BF690}"
EndProject
Project("{9A19103F-16F7-4668-BE54-9A1E7A4F7556}") = "Hymson.NLog.Console", "..\..\10100HymsonSharedSDK\HymsonSharedSDK\src\Hymson.NLog.Console\Hymson.NLog.Console.csproj", "{DD52098B-4FE7-46D2-9BF4-AED0DAF4D002}"
EndProject
Project("{9A19103F-16F7-4668-BE54-9A1E7A4F7556}") = "Hymson.MES.Services.UnitTests", "test\Hymson.MES.Services.UnitTests\Hymson.MES.Services.UnitTests.csproj", "{D969786D-32D6-4ACC-9A4B-18C4ED238736}"
EndProject
Project("{9A19103F-16F7-4668-BE54-9A1E7A4F7556}") = "Hymson.MES.Api", "src\Presentation\Hymson.MES.Api\Hymson.MES.Api.csproj", "{8E6DC2C3-B047-40C7-850C-9C1909B97096}"
EndProject
Project("{9A19103F-16F7-4668-BE54-9A1E7A4F7556}") = "Hymson.MES.BackgroundTasks", "src\Presentation\Hymson.MES.BackgroundTasks\Hymson.MES.BackgroundTasks.csproj", "{3E37264C-0D90-4F47-991D-EE98E1CA60E7}"
EndProject
Project("{9A19103F-16F7-4668-BE54-9A1E7A4F7556}") = "Hymson.MES.Core", "src\Libraries\Hymson.MES.Core\Hymson.MES.Core.csproj", "{86DD79DA-57DC-4C77-AA20-E5A25BDB6645}"
EndProject
Project("{9A19103F-16F7-4668-BE54-9A1E7A4F7556}") = "Hymson.MES.Data", "src\Libraries\Hymson.MES.Data\Hymson.MES.Data.csproj", "{789D0601-D0D7-42C3-B57C-D50AD1B646F2}"
EndProject
Project("{9A19103F-16F7-4668-BE54-9A1E7A4F7556}") = "Hymson.MES.Services", "src\Libraries\Hymson.MES.Services\Hymson.MES.Services.csproj", "{0361F28C-DB47-4F00-90A9-0E0A0FC6F831}"
EndProject
Global
	GlobalSection(SolutionConfigurationPlatforms) = preSolution
		Debug|Any CPU = Debug|Any CPU
		Release|Any CPU = Release|Any CPU
	EndGlobalSection
	GlobalSection(ProjectConfigurationPlatforms) = postSolution
		{6BF57EE3-E0CC-4322-9EEC-44BBFDA075F2}.Debug|Any CPU.ActiveCfg = Debug|Any CPU
		{6BF57EE3-E0CC-4322-9EEC-44BBFDA075F2}.Debug|Any CPU.Build.0 = Debug|Any CPU
		{6BF57EE3-E0CC-4322-9EEC-44BBFDA075F2}.Release|Any CPU.ActiveCfg = Release|Any CPU
		{6BF57EE3-E0CC-4322-9EEC-44BBFDA075F2}.Release|Any CPU.Build.0 = Release|Any CPU
		{C7A599E5-67A5-4911-806C-8F0F978BF690}.Debug|Any CPU.ActiveCfg = Debug|Any CPU
		{C7A599E5-67A5-4911-806C-8F0F978BF690}.Debug|Any CPU.Build.0 = Debug|Any CPU
		{C7A599E5-67A5-4911-806C-8F0F978BF690}.Release|Any CPU.ActiveCfg = Release|Any CPU
		{C7A599E5-67A5-4911-806C-8F0F978BF690}.Release|Any CPU.Build.0 = Release|Any CPU
		{DD52098B-4FE7-46D2-9BF4-AED0DAF4D002}.Debug|Any CPU.ActiveCfg = Debug|Any CPU
		{DD52098B-4FE7-46D2-9BF4-AED0DAF4D002}.Debug|Any CPU.Build.0 = Debug|Any CPU
		{DD52098B-4FE7-46D2-9BF4-AED0DAF4D002}.Release|Any CPU.ActiveCfg = Release|Any CPU
		{DD52098B-4FE7-46D2-9BF4-AED0DAF4D002}.Release|Any CPU.Build.0 = Release|Any CPU
		{D969786D-32D6-4ACC-9A4B-18C4ED238736}.Debug|Any CPU.ActiveCfg = Debug|Any CPU
		{D969786D-32D6-4ACC-9A4B-18C4ED238736}.Debug|Any CPU.Build.0 = Debug|Any CPU
		{D969786D-32D6-4ACC-9A4B-18C4ED238736}.Release|Any CPU.ActiveCfg = Release|Any CPU
		{D969786D-32D6-4ACC-9A4B-18C4ED238736}.Release|Any CPU.Build.0 = Release|Any CPU
		{8E6DC2C3-B047-40C7-850C-9C1909B97096}.Debug|Any CPU.ActiveCfg = Debug|Any CPU
		{8E6DC2C3-B047-40C7-850C-9C1909B97096}.Debug|Any CPU.Build.0 = Debug|Any CPU
		{8E6DC2C3-B047-40C7-850C-9C1909B97096}.Release|Any CPU.ActiveCfg = Release|Any CPU
		{8E6DC2C3-B047-40C7-850C-9C1909B97096}.Release|Any CPU.Build.0 = Release|Any CPU
		{3E37264C-0D90-4F47-991D-EE98E1CA60E7}.Debug|Any CPU.ActiveCfg = Debug|Any CPU
		{3E37264C-0D90-4F47-991D-EE98E1CA60E7}.Debug|Any CPU.Build.0 = Debug|Any CPU
		{3E37264C-0D90-4F47-991D-EE98E1CA60E7}.Release|Any CPU.ActiveCfg = Release|Any CPU
		{3E37264C-0D90-4F47-991D-EE98E1CA60E7}.Release|Any CPU.Build.0 = Release|Any CPU
		{86DD79DA-57DC-4C77-AA20-E5A25BDB6645}.Debug|Any CPU.ActiveCfg = Debug|Any CPU
		{86DD79DA-57DC-4C77-AA20-E5A25BDB6645}.Debug|Any CPU.Build.0 = Debug|Any CPU
		{86DD79DA-57DC-4C77-AA20-E5A25BDB6645}.Release|Any CPU.ActiveCfg = Release|Any CPU
		{86DD79DA-57DC-4C77-AA20-E5A25BDB6645}.Release|Any CPU.Build.0 = Release|Any CPU
		{789D0601-D0D7-42C3-B57C-D50AD1B646F2}.Debug|Any CPU.ActiveCfg = Debug|Any CPU
		{789D0601-D0D7-42C3-B57C-D50AD1B646F2}.Debug|Any CPU.Build.0 = Debug|Any CPU
		{789D0601-D0D7-42C3-B57C-D50AD1B646F2}.Release|Any CPU.ActiveCfg = Release|Any CPU
		{789D0601-D0D7-42C3-B57C-D50AD1B646F2}.Release|Any CPU.Build.0 = Release|Any CPU
		{0361F28C-DB47-4F00-90A9-0E0A0FC6F831}.Debug|Any CPU.ActiveCfg = Debug|Any CPU
		{0361F28C-DB47-4F00-90A9-0E0A0FC6F831}.Debug|Any CPU.Build.0 = Debug|Any CPU
		{0361F28C-DB47-4F00-90A9-0E0A0FC6F831}.Release|Any CPU.ActiveCfg = Release|Any CPU
		{0361F28C-DB47-4F00-90A9-0E0A0FC6F831}.Release|Any CPU.Build.0 = Release|Any CPU
	EndGlobalSection
	GlobalSection(SolutionProperties) = preSolution
		HideSolutionNode = FALSE
	EndGlobalSection
	GlobalSection(NestedProjects) = preSolution
		{161AAA01-664F-42BF-9AD3-1F159465B00A} = {4DBD3A75-E46F-43F2-91BE-0BE38A602A2C}
		{3B0CC3D3-DA17-41DC-AC2C-FE4347693571} = {4DBD3A75-E46F-43F2-91BE-0BE38A602A2C}
		{0C141FA4-F556-4587-9027-C78114A1EEA8} = {4DBD3A75-E46F-43F2-91BE-0BE38A602A2C}
		{6BF57EE3-E0CC-4322-9EEC-44BBFDA075F2} = {0C141FA4-F556-4587-9027-C78114A1EEA8}
		{C7A599E5-67A5-4911-806C-8F0F978BF690} = {0C141FA4-F556-4587-9027-C78114A1EEA8}
		{DD52098B-4FE7-46D2-9BF4-AED0DAF4D002} = {0C141FA4-F556-4587-9027-C78114A1EEA8}
		{D969786D-32D6-4ACC-9A4B-18C4ED238736} = {84D34CDA-5BCD-476B-ABD2-E7D82F95E179}
		{8E6DC2C3-B047-40C7-850C-9C1909B97096} = {3B0CC3D3-DA17-41DC-AC2C-FE4347693571}
		{3E37264C-0D90-4F47-991D-EE98E1CA60E7} = {3B0CC3D3-DA17-41DC-AC2C-FE4347693571}
		{86DD79DA-57DC-4C77-AA20-E5A25BDB6645} = {161AAA01-664F-42BF-9AD3-1F159465B00A}
		{789D0601-D0D7-42C3-B57C-D50AD1B646F2} = {161AAA01-664F-42BF-9AD3-1F159465B00A}
		{0361F28C-DB47-4F00-90A9-0E0A0FC6F831} = {161AAA01-664F-42BF-9AD3-1F159465B00A}
	EndGlobalSection
	GlobalSection(ExtensibilityGlobals) = postSolution
		SolutionGuid = {FA9F6A13-66F6-4986-8CB3-CF8FA4CF99CD}
	EndGlobalSection
EndGlobal
