
Microsoft Visual Studio Solution File, Format Version 12.00
# Visual Studio Version 17
VisualStudioVersion = 17.4.33213.308
MinimumVisualStudioVersion = 10.0.40219.1
Project("{2150E333-8FDC-42A3-9474-1A3956D46DE8}") = "src", "src", "{4DBD3A75-E46F-43F2-91BE-0BE38A602A2C}"
EndProject
Project("{2150E333-8FDC-42A3-9474-1A3956D46DE8}") = "test", "test", "{84D34CDA-5BCD-476B-ABD2-E7D82F95E179}"
EndProject
Project("{2150E333-8FDC-42A3-9474-1A3956D46DE8}") = "Libraries", "Libraries", "{161AAA01-664F-42BF-9AD3-1F159465B00A}"
EndProject
Project("{2150E333-8FDC-42A3-9474-1A3956D46DE8}") = "Presentation", "Presentation", "{3B0CC3D3-DA17-41DC-AC2C-FE4347693571}"
EndProject
Project("{9A19103F-16F7-4668-BE54-9A1E7A4F7556}") = "Hymson.MES.Services.UnitTests", "test\Hymson.MES.Services.UnitTests\Hymson.MES.Services.UnitTests.csproj", "{D969786D-32D6-4ACC-9A4B-18C4ED238736}"
EndProject
Project("{9A19103F-16F7-4668-BE54-9A1E7A4F7556}") = "Hymson.MES.Api", "src\Presentation\Hymson.MES.Api\Hymson.MES.Api.csproj", "{8E6DC2C3-B047-40C7-850C-9C1909B97096}"
EndProject
Project("{9A19103F-16F7-4668-BE54-9A1E7A4F7556}") = "Hymson.MES.BackgroundTasks", "src\Presentation\Hymson.MES.BackgroundTasks\Hymson.MES.BackgroundTasks.csproj", "{3E37264C-0D90-4F47-991D-EE98E1CA60E7}"
EndProject
Project("{9A19103F-16F7-4668-BE54-9A1E7A4F7556}") = "Hymson.MES.Core", "src\Libraries\Hymson.MES.Core\Hymson.MES.Core.csproj", "{86DD79DA-57DC-4C77-AA20-E5A25BDB6645}"
EndProject
Project("{9A19103F-16F7-4668-BE54-9A1E7A4F7556}") = "Hymson.MES.Data", "src\Libraries\Hymson.MES.Data\Hymson.MES.Data.csproj", "{789D0601-D0D7-42C3-B57C-D50AD1B646F2}"
EndProject
Project("{9A19103F-16F7-4668-BE54-9A1E7A4F7556}") = "Hymson.MES.Services", "src\Libraries\Hymson.MES.Services\Hymson.MES.Services.csproj", "{0361F28C-DB47-4F00-90A9-0E0A0FC6F831}"
EndProject
Project("{9A19103F-16F7-4668-BE54-9A1E7A4F7556}") = "Hymson.MES.HttpClients", "src\Libraries\Hymson.MES.HttpClients\Hymson.MES.HttpClients.csproj", "{ECEC1615-92D0-4AA7-8F96-8AA0FC6C2169}"
EndProject
Project("{9A19103F-16F7-4668-BE54-9A1E7A4F7556}") = "Hymson.MES.CoreServices", "src\Libraries\Hymson.MES.CoreServices\Hymson.MES.CoreServices.csproj", "{452BAACE-538A-435D-A206-77339B60CE6C}"
EndProject
Project("{9A19103F-16F7-4668-BE54-9A1E7A4F7556}") = "Hymson.MES.BackgroundServices", "src\Libraries\Hymson.MES.BackgroundServices\Hymson.MES.BackgroundServices.csproj", "{CE3AFDAB-35F1-4566-8915-FBBA5545D37A}"
EndProject
Project("{9A19103F-16F7-4668-BE54-9A1E7A4F7556}") = "Hymson.MES.EquipmentServices", "src\Libraries\Hymson.MES.EquipmentServices\Hymson.MES.EquipmentServices.csproj", "{76BC653D-A9A5-4CE6-A69A-23B07CE1C4A6}"
EndProject
Project("{9A19103F-16F7-4668-BE54-9A1E7A4F7556}") = "Hymson.MES.SystemServices", "src\Libraries\Hymson.MES.SystemServices\Hymson.MES.SystemServices.csproj", "{7E82834B-195D-415B-8932-7AA78E2BFFD8}"
EndProject
Project("{9A19103F-16F7-4668-BE54-9A1E7A4F7556}") = "Hymson.MES.Equipment.Api", "src\Presentation\Hymson.MES.Equipment.Api\Hymson.MES.Equipment.Api.csproj", "{1059FE28-8A7C-4E9A-BA74-410137A0871E}"
EndProject
Project("{9A19103F-16F7-4668-BE54-9A1E7A4F7556}") = "Hymson.MES.System.Api", "src\Presentation\Hymson.MES.System.Api\Hymson.MES.System.Api.csproj", "{99086A57-0DE4-4BF6-9B20-DC33046BA5E0}"
EndProject
Global
	GlobalSection(SolutionConfigurationPlatforms) = preSolution
		Debug|Any CPU = Debug|Any CPU
		DM|Any CPU = DM|Any CPU
		Release|Any CPU = Release|Any CPU
	EndGlobalSection
	GlobalSection(ProjectConfigurationPlatforms) = postSolution
		{D969786D-32D6-4ACC-9A4B-18C4ED238736}.Debug|Any CPU.ActiveCfg = Debug|Any CPU
		{D969786D-32D6-4ACC-9A4B-18C4ED238736}.Debug|Any CPU.Build.0 = Debug|Any CPU
		{D969786D-32D6-4ACC-9A4B-18C4ED238736}.DM|Any CPU.ActiveCfg = DM|Any CPU
		{D969786D-32D6-4ACC-9A4B-18C4ED238736}.DM|Any CPU.Build.0 = DM|Any CPU
		{D969786D-32D6-4ACC-9A4B-18C4ED238736}.Release|Any CPU.ActiveCfg = Release|Any CPU
		{D969786D-32D6-4ACC-9A4B-18C4ED238736}.Release|Any CPU.Build.0 = Release|Any CPU
		{8E6DC2C3-B047-40C7-850C-9C1909B97096}.Debug|Any CPU.ActiveCfg = Debug|Any CPU
		{8E6DC2C3-B047-40C7-850C-9C1909B97096}.Debug|Any CPU.Build.0 = Debug|Any CPU
		{8E6DC2C3-B047-40C7-850C-9C1909B97096}.DM|Any CPU.ActiveCfg = DM|Any CPU
		{8E6DC2C3-B047-40C7-850C-9C1909B97096}.DM|Any CPU.Build.0 = DM|Any CPU
		{8E6DC2C3-B047-40C7-850C-9C1909B97096}.Release|Any CPU.ActiveCfg = Release|Any CPU
		{8E6DC2C3-B047-40C7-850C-9C1909B97096}.Release|Any CPU.Build.0 = Release|Any CPU
		{3E37264C-0D90-4F47-991D-EE98E1CA60E7}.Debug|Any CPU.ActiveCfg = Debug|Any CPU
		{3E37264C-0D90-4F47-991D-EE98E1CA60E7}.Debug|Any CPU.Build.0 = Debug|Any CPU
		{3E37264C-0D90-4F47-991D-EE98E1CA60E7}.DM|Any CPU.ActiveCfg = DM|Any CPU
		{3E37264C-0D90-4F47-991D-EE98E1CA60E7}.DM|Any CPU.Build.0 = DM|Any CPU
		{3E37264C-0D90-4F47-991D-EE98E1CA60E7}.Release|Any CPU.ActiveCfg = Release|Any CPU
		{3E37264C-0D90-4F47-991D-EE98E1CA60E7}.Release|Any CPU.Build.0 = Release|Any CPU
		{86DD79DA-57DC-4C77-AA20-E5A25BDB6645}.Debug|Any CPU.ActiveCfg = Debug|Any CPU
		{86DD79DA-57DC-4C77-AA20-E5A25BDB6645}.Debug|Any CPU.Build.0 = Debug|Any CPU
		{86DD79DA-57DC-4C77-AA20-E5A25BDB6645}.DM|Any CPU.ActiveCfg = DM|Any CPU
		{86DD79DA-57DC-4C77-AA20-E5A25BDB6645}.DM|Any CPU.Build.0 = DM|Any CPU
		{86DD79DA-57DC-4C77-AA20-E5A25BDB6645}.Release|Any CPU.ActiveCfg = Release|Any CPU
		{86DD79DA-57DC-4C77-AA20-E5A25BDB6645}.Release|Any CPU.Build.0 = Release|Any CPU
		{789D0601-D0D7-42C3-B57C-D50AD1B646F2}.Debug|Any CPU.ActiveCfg = Debug|Any CPU
		{789D0601-D0D7-42C3-B57C-D50AD1B646F2}.Debug|Any CPU.Build.0 = Debug|Any CPU
		{789D0601-D0D7-42C3-B57C-D50AD1B646F2}.DM|Any CPU.ActiveCfg = DM|Any CPU
		{789D0601-D0D7-42C3-B57C-D50AD1B646F2}.DM|Any CPU.Build.0 = DM|Any CPU
		{789D0601-D0D7-42C3-B57C-D50AD1B646F2}.Release|Any CPU.ActiveCfg = Release|Any CPU
		{789D0601-D0D7-42C3-B57C-D50AD1B646F2}.Release|Any CPU.Build.0 = Release|Any CPU
		{0361F28C-DB47-4F00-90A9-0E0A0FC6F831}.Debug|Any CPU.ActiveCfg = Debug|Any CPU
		{0361F28C-DB47-4F00-90A9-0E0A0FC6F831}.Debug|Any CPU.Build.0 = Debug|Any CPU
		{0361F28C-DB47-4F00-90A9-0E0A0FC6F831}.DM|Any CPU.ActiveCfg = DM|Any CPU
		{0361F28C-DB47-4F00-90A9-0E0A0FC6F831}.DM|Any CPU.Build.0 = DM|Any CPU
		{0361F28C-DB47-4F00-90A9-0E0A0FC6F831}.Release|Any CPU.ActiveCfg = Release|Any CPU
		{0361F28C-DB47-4F00-90A9-0E0A0FC6F831}.Release|Any CPU.Build.0 = Release|Any CPU
		{ECEC1615-92D0-4AA7-8F96-8AA0FC6C2169}.Debug|Any CPU.ActiveCfg = Debug|Any CPU
		{ECEC1615-92D0-4AA7-8F96-8AA0FC6C2169}.Debug|Any CPU.Build.0 = Debug|Any CPU
		{ECEC1615-92D0-4AA7-8F96-8AA0FC6C2169}.DM|Any CPU.ActiveCfg = DM|Any CPU
		{ECEC1615-92D0-4AA7-8F96-8AA0FC6C2169}.DM|Any CPU.Build.0 = DM|Any CPU
		{ECEC1615-92D0-4AA7-8F96-8AA0FC6C2169}.Release|Any CPU.ActiveCfg = Release|Any CPU
		{ECEC1615-92D0-4AA7-8F96-8AA0FC6C2169}.Release|Any CPU.Build.0 = Release|Any CPU
		{452BAACE-538A-435D-A206-77339B60CE6C}.Debug|Any CPU.ActiveCfg = Debug|Any CPU
		{452BAACE-538A-435D-A206-77339B60CE6C}.Debug|Any CPU.Build.0 = Debug|Any CPU
		{452BAACE-538A-435D-A206-77339B60CE6C}.DM|Any CPU.ActiveCfg = DM|Any CPU
		{452BAACE-538A-435D-A206-77339B60CE6C}.DM|Any CPU.Build.0 = DM|Any CPU
		{452BAACE-538A-435D-A206-77339B60CE6C}.Release|Any CPU.ActiveCfg = Release|Any CPU
		{452BAACE-538A-435D-A206-77339B60CE6C}.Release|Any CPU.Build.0 = Release|Any CPU
		{CE3AFDAB-35F1-4566-8915-FBBA5545D37A}.Debug|Any CPU.ActiveCfg = Debug|Any CPU
		{CE3AFDAB-35F1-4566-8915-FBBA5545D37A}.Debug|Any CPU.Build.0 = Debug|Any CPU
		{CE3AFDAB-35F1-4566-8915-FBBA5545D37A}.DM|Any CPU.ActiveCfg = DM|Any CPU
		{CE3AFDAB-35F1-4566-8915-FBBA5545D37A}.DM|Any CPU.Build.0 = DM|Any CPU
		{CE3AFDAB-35F1-4566-8915-FBBA5545D37A}.Release|Any CPU.ActiveCfg = Release|Any CPU
		{CE3AFDAB-35F1-4566-8915-FBBA5545D37A}.Release|Any CPU.Build.0 = Release|Any CPU
		{76BC653D-A9A5-4CE6-A69A-23B07CE1C4A6}.Debug|Any CPU.ActiveCfg = Debug|Any CPU
		{76BC653D-A9A5-4CE6-A69A-23B07CE1C4A6}.Debug|Any CPU.Build.0 = Debug|Any CPU
		{76BC653D-A9A5-4CE6-A69A-23B07CE1C4A6}.DM|Any CPU.ActiveCfg = DM|Any CPU
		{76BC653D-A9A5-4CE6-A69A-23B07CE1C4A6}.DM|Any CPU.Build.0 = DM|Any CPU
		{76BC653D-A9A5-4CE6-A69A-23B07CE1C4A6}.Release|Any CPU.ActiveCfg = Release|Any CPU
		{76BC653D-A9A5-4CE6-A69A-23B07CE1C4A6}.Release|Any CPU.Build.0 = Release|Any CPU
		{7E82834B-195D-415B-8932-7AA78E2BFFD8}.Debug|Any CPU.ActiveCfg = Debug|Any CPU
		{7E82834B-195D-415B-8932-7AA78E2BFFD8}.Debug|Any CPU.Build.0 = Debug|Any CPU
		{7E82834B-195D-415B-8932-7AA78E2BFFD8}.DM|Any CPU.ActiveCfg = DM|Any CPU
		{7E82834B-195D-415B-8932-7AA78E2BFFD8}.DM|Any CPU.Build.0 = DM|Any CPU
		{7E82834B-195D-415B-8932-7AA78E2BFFD8}.Release|Any CPU.ActiveCfg = Release|Any CPU
		{7E82834B-195D-415B-8932-7AA78E2BFFD8}.Release|Any CPU.Build.0 = Release|Any CPU
		{1059FE28-8A7C-4E9A-BA74-410137A0871E}.Debug|Any CPU.ActiveCfg = Debug|Any CPU
		{1059FE28-8A7C-4E9A-BA74-410137A0871E}.Debug|Any CPU.Build.0 = Debug|Any CPU
		{1059FE28-8A7C-4E9A-BA74-410137A0871E}.DM|Any CPU.ActiveCfg = DM|Any CPU
		{1059FE28-8A7C-4E9A-BA74-410137A0871E}.DM|Any CPU.Build.0 = DM|Any CPU
		{1059FE28-8A7C-4E9A-BA74-410137A0871E}.Release|Any CPU.ActiveCfg = Release|Any CPU
		{1059FE28-8A7C-4E9A-BA74-410137A0871E}.Release|Any CPU.Build.0 = Release|Any CPU
		{99086A57-0DE4-4BF6-9B20-DC33046BA5E0}.Debug|Any CPU.ActiveCfg = Debug|Any CPU
		{99086A57-0DE4-4BF6-9B20-DC33046BA5E0}.Debug|Any CPU.Build.0 = Debug|Any CPU
		{99086A57-0DE4-4BF6-9B20-DC33046BA5E0}.DM|Any CPU.ActiveCfg = DM|Any CPU
		{99086A57-0DE4-4BF6-9B20-DC33046BA5E0}.DM|Any CPU.Build.0 = DM|Any CPU
		{99086A57-0DE4-4BF6-9B20-DC33046BA5E0}.Release|Any CPU.ActiveCfg = Release|Any CPU
		{99086A57-0DE4-4BF6-9B20-DC33046BA5E0}.Release|Any CPU.Build.0 = Release|Any CPU
	EndGlobalSection
	GlobalSection(SolutionProperties) = preSolution
		HideSolutionNode = FALSE
	EndGlobalSection
	GlobalSection(NestedProjects) = preSolution
		{161AAA01-664F-42BF-9AD3-1F159465B00A} = {4DBD3A75-E46F-43F2-91BE-0BE38A602A2C}
		{3B0CC3D3-DA17-41DC-AC2C-FE4347693571} = {4DBD3A75-E46F-43F2-91BE-0BE38A602A2C}
		{D969786D-32D6-4ACC-9A4B-18C4ED238736} = {84D34CDA-5BCD-476B-ABD2-E7D82F95E179}
		{8E6DC2C3-B047-40C7-850C-9C1909B97096} = {3B0CC3D3-DA17-41DC-AC2C-FE4347693571}
		{3E37264C-0D90-4F47-991D-EE98E1CA60E7} = {3B0CC3D3-DA17-41DC-AC2C-FE4347693571}
		{86DD79DA-57DC-4C77-AA20-E5A25BDB6645} = {161AAA01-664F-42BF-9AD3-1F159465B00A}
		{789D0601-D0D7-42C3-B57C-D50AD1B646F2} = {161AAA01-664F-42BF-9AD3-1F159465B00A}
		{0361F28C-DB47-4F00-90A9-0E0A0FC6F831} = {161AAA01-664F-42BF-9AD3-1F159465B00A}
		{ECEC1615-92D0-4AA7-8F96-8AA0FC6C2169} = {161AAA01-664F-42BF-9AD3-1F159465B00A}
		{452BAACE-538A-435D-A206-77339B60CE6C} = {161AAA01-664F-42BF-9AD3-1F159465B00A}
		{CE3AFDAB-35F1-4566-8915-FBBA5545D37A} = {161AAA01-664F-42BF-9AD3-1F159465B00A}
		{76BC653D-A9A5-4CE6-A69A-23B07CE1C4A6} = {161AAA01-664F-42BF-9AD3-1F159465B00A}
		{7E82834B-195D-415B-8932-7AA78E2BFFD8} = {161AAA01-664F-42BF-9AD3-1F159465B00A}
		{1059FE28-8A7C-4E9A-BA74-410137A0871E} = {3B0CC3D3-DA17-41DC-AC2C-FE4347693571}
		{99086A57-0DE4-4BF6-9B20-DC33046BA5E0} = {3B0CC3D3-DA17-41DC-AC2C-FE4347693571}
	EndGlobalSection
	GlobalSection(ExtensibilityGlobals) = postSolution
		SolutionGuid = {FA9F6A13-66F6-4986-8CB3-CF8FA4CF99CD}
	EndGlobalSection
EndGlobal
